{
  "version": 4,
  "terraform_version": "1.3.7",
  "serial": 27,
  "lineage": "e4489a35-30bb-7d86-57fb-4ec2e6a2eaff",
  "outputs": {
    "jenkins_ip": {
      "value": "167.99.226.252",
      "type": "string"
    }
  },
  "resources": [
    {
      "mode": "data",
      "type": "digitalocean_ssh_key",
      "name": "ssh_key",
      "provider": "provider[\"registry.terraform.io/digitalocean/digitalocean\"]",
      "instances": [
        {
          "schema_version": 0,
          "attributes": {
            "fingerprint": "de:3d:c9:3b:fc:4a:cb:04:ab:55:2d:8a:a4:cb:ea:c5",
            "id": 37386355,
            "name": "keyvm",
            "public_key": "ssh-rsa AAAAB3NzaC1yc2EAAAADAQABAAABAQC6HTu7uC74wVR8SZRbibgcyLCd9Mx6YRGcJFEHuOX8XUZsRpmjOXfre1nf0FTduA/dIzGEYX92ZjpVk97eROhvnAhgQEiEd6HxuCG6/2Hr183BcAqk4jdQ2jNLRXPi3jwjm6OKk06FT2bNFtVuwdU5LA21eCBGQ3YOkgGHtlDqV7xZ8I023I3NJmeZz3caDMfKTVkVGGgC4Hu8FYPk689VVDDK9vijz2wJorN9OfkSKF3VGfp7DKQKTHUF82bRzKCCYJdBbA0uodZVKlL+L67qCptOJ2v5FsoJehZvp9nWwINKLwNr5JZiS8DKkvPMRyXPdu0XbFvFgR4fe4W3SO/L root@master"
          },
          "sensitive_attributes": []
        }
      ]
    },
    {
      "mode": "managed",
      "type": "digitalocean_droplet",
      "name": "jenkins",
      "provider": "provider[\"registry.terraform.io/digitalocean/digitalocean\"]",
      "instances": [
        {
          "schema_version": 1,
          "attributes": {
            "backups": false,
            "created_at": "2023-01-29T22:33:29Z",
            "disk": 60,
            "droplet_agent": null,
            "graceful_shutdown": false,
            "id": "338159821",
            "image": "ubuntu-22-04-x64",
            "ipv4_address": "167.99.226.252",
            "ipv4_address_private": "10.116.0.2",
            "ipv6": false,
            "ipv6_address": "",
            "locked": false,
            "memory": 2048,
            "monitoring": false,
            "name": "jenkis",
            "price_hourly": 0.02679,
            "price_monthly": 18,
            "private_networking": true,
            "region": "nyc1",
            "resize_disk": true,
            "size": "s-2vcpu-2gb",
            "ssh_keys": [
              "37386355"
            ],
            "status": "active",
            "tags": null,
            "timeouts": null,
            "urn": "do:droplet:338159821",
            "user_data": null,
            "vcpus": 2,
            "volume_ids": [],
            "vpc_uuid": "497011e0-2acc-43b4-a8fe-d80e26218ecc"
          },
          "sensitive_attributes": [],
          "private": "eyJlMmJmYjczMC1lY2FhLTExZTYtOGY4OC0zNDM2M2JjN2M0YzAiOnsiY3JlYXRlIjozNjAwMDAwMDAwMDAwLCJkZWxldGUiOjYwMDAwMDAwMDAwLCJ1cGRhdGUiOjM2MDAwMDAwMDAwMDB9LCJzY2hlbWFfdmVyc2lvbiI6IjEifQ==",
          "dependencies": [
            "data.digitalocean_ssh_key.ssh_key"
          ]
        }
      ]
    },
    {
      "mode": "managed",
      "type": "digitalocean_kubernetes_cluster",
      "name": "k8s",
      "provider": "provider[\"registry.terraform.io/digitalocean/digitalocean\"]",
      "instances": [
        {
          "schema_version": 3,
          "attributes": {
            "auto_upgrade": false,
            "cluster_subnet": "10.244.0.0/16",
            "created_at": "2023-01-29 22:33:30 +0000 UTC",
            "endpoint": "https://146563a3-9651-49f0-92ca-9b051d4a499b.k8s.ondigitalocean.com",
            "ha": false,
            "id": "146563a3-9651-49f0-92ca-9b051d4a499b",
            "ipv4_address": "",
            "kube_config": [
              {
                "client_certificate": "",
                "client_key": "",
                "cluster_ca_certificate": "LS0tLS1CRUdJTiBDRVJUSUZJQ0FURS0tLS0tCk1JSURKekNDQWcrZ0F3SUJBZ0lDQm5Vd0RRWUpLb1pJaHZjTkFRRUxCUUF3TXpFVk1CTUdBMVVFQ2hNTVJHbG4KYVhSaGJFOWpaV0Z1TVJvd0dBWURWUVFERXhGck9ITmhZWE1nUTJ4MWMzUmxjaUJEUVRBZUZ3MHlNekF4TWpreQpNak16TXpOYUZ3MDBNekF4TWpreU1qTXpNek5hTURNeEZUQVRCZ05WQkFvVERFUnBaMmwwWVd4UFkyVmhiakVhCk1CZ0dBMVVFQXhNUmF6aHpZV0Z6SUVOc2RYTjBaWElnUTBFd2dnRWlNQTBHQ1NxR1NJYjNEUUVCQVFVQUE0SUIKRHdBd2dnRUtBb0lCQVFDL0pFUzVGSGIzaWhKMXZnZTU4VVNRUjBBSkVnbUU0YVpteTgvR0hpN3NMSWtnY0RLcwpQTVRrTnlTM1hXczdPbVFPZ2JsSjZ5RmNGVFVMSVFlL0FIcG9yemg3MUl0N0h1ZDBSMC9xWnNEci9MZ2pERmQ1ClNGYXkrVC9renRMVVMzK21vdU1RTEp4TW5iK3ZaeGVBRmtDZGVOcWJNbjVWNitkWUNSVjZUVHJqQnFtTkhETSsKeHJpT3dRS25EZXdIVTJIeFlPUUZCU2t6VHFGMkk2M3VNMk1FUUVZNUdmQmp1WFhhMWJJMDJFb0cvcGJGR3ZGUApnbjErNkEwU1FIMCtXNVg5UjhneHF4cDdGWVFSTlhieE15ell3WlY0SGpGVVdudURIbjdYTjhMM3Z4NCt0elA2ClgwR3ZCMnNLSmoyNk5XNGJzMC9vaU9mWkhGWkpVSEI0WGZxREFnTUJBQUdqUlRCRE1BNEdBMVVkRHdFQi93UUUKQXdJQmhqQVNCZ05WSFJNQkFmOEVDREFHQVFIL0FnRUFNQjBHQTFVZERnUVdCQlRxWEtBMnVEei9Hc09rVlZvMAoxWi92Q0Z2TWxqQU5CZ2txaGtpRzl3MEJBUXNGQUFPQ0FRRUFmeGVkZ0QvTDA2T2xGL2xldkdBcmQ4WnFQSkh1CmpFelVGWnlmd1YrSmdRU2h6U3RPbDl5RENGeUhHMk03SUJ6d2FCOE1TWnZ3VTZUZDM2UjRFdnNlVDN5NncrTnIKbmdTR2V4U2VJVUhHbkk4U3Q0OXNORWZ6UFhKSWtyRndYb0NuL0tWdWVMenJwRTIrR2kxYUV0RC9pS3lLcjAvUwo4d3BtVnZWMjdxaVl2NXVwcEZsd0pqa3hhNndWUnNCZGswY0puUVp1S2tpblNsTHF3aWhWckRiaDFTc0FjSUxRCjViT2ZGanYwWG1kZUV2VjlrcTRnc0MvTVdYY0dURlpDVnFlSW5Zc0pYT3JVN1lvUEYwSEEwNTg1clFqVG1QRVEKQU14dHlLdzAvOGxRam93MC9xbEFaYTdjRlQ1SjhFMkg4M3M4TS9WNWV4ZUhJSklOVVpNWFBUSWxWZz09Ci0tLS0tRU5EIENFUlRJRklDQVRFLS0tLS0K",
                "expires_at": "2023-02-05T22:39:41Z",
                "host": "https://146563a3-9651-49f0-92ca-9b051d4a499b.k8s.ondigitalocean.com",
                "raw_config": "apiVersion: v1\nkind: Config\nclusters:\n- cluster:\n    certificate-authority-data: LS0tLS1CRUdJTiBDRVJUSUZJQ0FURS0tLS0tCk1JSURKekNDQWcrZ0F3SUJBZ0lDQm5Vd0RRWUpLb1pJaHZjTkFRRUxCUUF3TXpFVk1CTUdBMVVFQ2hNTVJHbG4KYVhSaGJFOWpaV0Z1TVJvd0dBWURWUVFERXhGck9ITmhZWE1nUTJ4MWMzUmxjaUJEUVRBZUZ3MHlNekF4TWpreQpNak16TXpOYUZ3MDBNekF4TWpreU1qTXpNek5hTURNeEZUQVRCZ05WQkFvVERFUnBaMmwwWVd4UFkyVmhiakVhCk1CZ0dBMVVFQXhNUmF6aHpZV0Z6SUVOc2RYTjBaWElnUTBFd2dnRWlNQTBHQ1NxR1NJYjNEUUVCQVFVQUE0SUIKRHdBd2dnRUtBb0lCQVFDL0pFUzVGSGIzaWhKMXZnZTU4VVNRUjBBSkVnbUU0YVpteTgvR0hpN3NMSWtnY0RLcwpQTVRrTnlTM1hXczdPbVFPZ2JsSjZ5RmNGVFVMSVFlL0FIcG9yemg3MUl0N0h1ZDBSMC9xWnNEci9MZ2pERmQ1ClNGYXkrVC9renRMVVMzK21vdU1RTEp4TW5iK3ZaeGVBRmtDZGVOcWJNbjVWNitkWUNSVjZUVHJqQnFtTkhETSsKeHJpT3dRS25EZXdIVTJIeFlPUUZCU2t6VHFGMkk2M3VNMk1FUUVZNUdmQmp1WFhhMWJJMDJFb0cvcGJGR3ZGUApnbjErNkEwU1FIMCtXNVg5UjhneHF4cDdGWVFSTlhieE15ell3WlY0SGpGVVdudURIbjdYTjhMM3Z4NCt0elA2ClgwR3ZCMnNLSmoyNk5XNGJzMC9vaU9mWkhGWkpVSEI0WGZxREFnTUJBQUdqUlRCRE1BNEdBMVVkRHdFQi93UUUKQXdJQmhqQVNCZ05WSFJNQkFmOEVDREFHQVFIL0FnRUFNQjBHQTFVZERnUVdCQlRxWEtBMnVEei9Hc09rVlZvMAoxWi92Q0Z2TWxqQU5CZ2txaGtpRzl3MEJBUXNGQUFPQ0FRRUFmeGVkZ0QvTDA2T2xGL2xldkdBcmQ4WnFQSkh1CmpFelVGWnlmd1YrSmdRU2h6U3RPbDl5RENGeUhHMk03SUJ6d2FCOE1TWnZ3VTZUZDM2UjRFdnNlVDN5NncrTnIKbmdTR2V4U2VJVUhHbkk4U3Q0OXNORWZ6UFhKSWtyRndYb0NuL0tWdWVMenJwRTIrR2kxYUV0RC9pS3lLcjAvUwo4d3BtVnZWMjdxaVl2NXVwcEZsd0pqa3hhNndWUnNCZGswY0puUVp1S2tpblNsTHF3aWhWckRiaDFTc0FjSUxRCjViT2ZGanYwWG1kZUV2VjlrcTRnc0MvTVdYY0dURlpDVnFlSW5Zc0pYT3JVN1lvUEYwSEEwNTg1clFqVG1QRVEKQU14dHlLdzAvOGxRam93MC9xbEFaYTdjRlQ1SjhFMkg4M3M4TS9WNWV4ZUhJSklOVVpNWFBUSWxWZz09Ci0tLS0tRU5EIENFUlRJRklDQVRFLS0tLS0K\n    server: https://146563a3-9651-49f0-92ca-9b051d4a499b.k8s.ondigitalocean.com\n  name: do-nyc1-k8s\ncontexts:\n- context:\n    cluster: do-nyc1-k8s\n    user: do-nyc1-k8s-admin\n  name: do-nyc1-k8s\ncurrent-context: do-nyc1-k8s\nusers:\n- name: do-nyc1-k8s-admin\n  user:\n    token: dop_v1_8d81bf01e07a3ae6fd9f1e107112b9ef58a353c4bde050402adfa72751965466\n",
                "token": "dop_v1_8d81bf01e07a3ae6fd9f1e107112b9ef58a353c4bde050402adfa72751965466"
              }
            ],
            "maintenance_policy": [
              {
                "day": "any",
                "duration": "4h0m0s",
                "start_time": "7:00"
              }
            ],
            "name": "k8s",
            "node_pool": [
              {
                "actual_node_count": 2,
                "auto_scale": false,
                "id": "da8e251d-2377-4476-ad5c-d046dda2cc04",
                "labels": null,
                "max_nodes": 0,
                "min_nodes": 0,
                "name": "default",
                "node_count": 2,
                "nodes": [
                  {
                    "created_at": "2023-01-29 22:33:30 +0000 UTC",
                    "droplet_id": "338159905",
                    "id": "6a35e4a3-fd5d-4129-8ca6-d6ec2dab5e26",
                    "name": "default-q33qu",
                    "status": "running",
                    "updated_at": "2023-01-29 22:34:55 +0000 UTC"
                  },
                  {
                    "created_at": "2023-01-29 22:33:30 +0000 UTC",
                    "droplet_id": "338159906",
                    "id": "33100130-ede3-46bb-8c79-32ed69777b64",
                    "name": "default-q33qc",
                    "status": "running",
                    "updated_at": "2023-01-29 22:34:55 +0000 UTC"
                  }
                ],
                "size": "s-2vcpu-2gb",
                "tags": null,
                "taint": []
              }
            ],
            "region": "nyc1",
            "service_subnet": "10.245.0.0/16",
            "status": "running",
            "surge_upgrade": true,
            "tags": null,
            "timeouts": null,
            "updated_at": "2023-01-29 22:39:34 +0000 UTC",
            "urn": "do:kubernetes:146563a3-9651-49f0-92ca-9b051d4a499b",
            "version": "1.25.4-do.0",
            "vpc_uuid": "497011e0-2acc-43b4-a8fe-d80e26218ecc"
          },
          "sensitive_attributes": [],
          "private": "eyJlMmJmYjczMC1lY2FhLTExZTYtOGY4OC0zNDM2M2JjN2M0YzAiOnsiY3JlYXRlIjoxODAwMDAwMDAwMDAwfSwic2NoZW1hX3ZlcnNpb24iOiIzIn0="
        }
      ]
    }
  ],
  "check_results": null
}
